
Microsoft Visual Studio Solution File, Format Version 12.00
# Visual Studio 15
VisualStudioVersion = 15.0.27130.2026
MinimumVisualStudioVersion = 10.0.40219.1
Project("{FAE04EC0-301F-11D3-BF4B-00C04F79EFBC}") = "Wendy", "Wendy\Wendy.csproj", "{55903976-679F-4546-8238-7A9FF1802EB8}"
EndProject
Project("{FAE04EC0-301F-11D3-BF4B-00C04F79EFBC}") = "Wendy.Tests", "Wendy.Tests\Wendy.Tests.csproj", "{BE36EC8B-B592-4EDB-8331-7000CA598D7F}"
EndProject
Global
	GlobalSection(SolutionConfigurationPlatforms) = preSolution
		Debug|Any CPU = Debug|Any CPU
		Release|Any CPU = Release|Any CPU
	EndGlobalSection
	GlobalSection(ProjectConfigurationPlatforms) = postSolution
		{55903976-679F-4546-8238-7A9FF1802EB8}.Debug|Any CPU.ActiveCfg = Debug|Any CPU
		{55903976-679F-4546-8238-7A9FF1802EB8}.Debug|Any CPU.Build.0 = Debug|Any CPU
		{55903976-679F-4546-8238-7A9FF1802EB8}.Release|Any CPU.ActiveCfg = Release|Any CPU
		{55903976-679F-4546-8238-7A9FF1802EB8}.Release|Any CPU.Build.0 = Release|Any CPU
		{BE36EC8B-B592-4EDB-8331-7000CA598D7F}.Debug|Any CPU.ActiveCfg = Debug|Any CPU
		{BE36EC8B-B592-4EDB-8331-7000CA598D7F}.Debug|Any CPU.Build.0 = Debug|Any CPU
		{BE36EC8B-B592-4EDB-8331-7000CA598D7F}.Release|Any CPU.ActiveCfg = Release|Any CPU
		{BE36EC8B-B592-4EDB-8331-7000CA598D7F}.Release|Any CPU.Build.0 = Release|Any CPU
	EndGlobalSection
	GlobalSection(SolutionProperties) = preSolution
		HideSolutionNode = FALSE
	EndGlobalSection
	GlobalSection(ExtensibilityGlobals) = postSolution
		SolutionGuid = {B0E79CC9-935A-4707-B431-8D11E8D98DC6}
	EndGlobalSection
EndGlobal
